
Microsoft Visual Studio Solution File, Format Version 12.00
# Visual Studio Version 17
VisualStudioVersion = 17.13.35931.197 d17.13
MinimumVisualStudioVersion = 10.0.40219.1
Project("{FAE04EC0-301F-11D3-BF4B-00C04F79EFBC}") = "PdfBuilder", "PdfBuilder.csproj", "{DB3D152D-6F7B-4B72-A7E6-A1456B0BAC62}"
EndProject
Project("{2150E333-8FDC-42A3-9474-1A3956D46DE8}") = "Library", "Library", "{50E615E6-1CFA-4784-89D1-EFDF9D06D3F8}"
EndProject
Project("{2150E333-8FDC-42A3-9474-1A3956D46DE8}") = "Tests", "Tests", "{7D7084C5-65B5-4DD4-9B82-5B2E359424EA}"
EndProject
Project("{2150E333-8FDC-42A3-9474-1A3956D46DE8}") = "Samples", "Samples", "{931C8F4B-3131-4EAE-8F9B-D129F266031D}"
EndProject
Project("{2150E333-8FDC-42A3-9474-1A3956D46DE8}") = "Benchmarks", "Benchmarks", "{B784C2B4-77B3-4D96-9642-BEA913E3D962}"
EndProject
Project("{FAE04EC0-301F-11D3-BF4B-00C04F79EFBC}") = "PdfBuilder.Tests", "tests\PdfBuilder.Tests\PdfBuilder.Tests.csproj", "{2C8ACF37-9BBE-4337-9B04-CC7A9C0E8BA9}"
EndProject
Project("{FAE04EC0-301F-11D3-BF4B-00C04F79EFBC}") = "PdfBuilder.ValidationTests", "tests\PdfBuilder.ValidationTests\PdfBuilder.ValidationTests.csproj", "{C86EBD91-B72E-4DEB-90B3-690173F5FBD8}"
EndProject
Project("{FAE04EC0-301F-11D3-BF4B-00C04F79EFBC}") = "HelloPdf", "samples\HelloPdf\HelloPdf.csproj", "{D829E0B8-911D-4E4A-B13F-3FB774CD1823}"
EndProject
Project("{FAE04EC0-301F-11D3-BF4B-00C04F79EFBC}") = "Invoice", "samples\Invoice\Invoice.csproj", "{65F7B18F-8424-4E7C-999E-09E2EB613C34}"
EndProject
Project("{FAE04EC0-301F-11D3-BF4B-00C04F79EFBC}") = "MultiPageReport", "samples\MultiPageReport\MultiPageReport.csproj", "{0B9C2F7C-AE14-4E7B-B691-366B81EFAF8D}"
EndProject
Project("{FAE04EC0-301F-11D3-BF4B-00C04F79EFBC}") = "MultiLanguage", "samples\MultiLanguage\MultiLanguage.csproj", "{993A54A6-A946-4FCE-9C83-A3EC29F4BFBD}"
EndProject
Project("{FAE04EC0-301F-11D3-BF4B-00C04F79EFBC}") = "LayoutDiagnostics", "samples\LayoutDiagnostics\LayoutDiagnostics.csproj", "{A95449D7-95F7-46CF-89F9-AB0D65F23C00}"
EndProject
Project("{FAE04EC0-301F-11D3-BF4B-00C04F79EFBC}") = "AspNetCorePdfApi", "samples\AspNetCorePdfApi\AspNetCorePdfApi.csproj", "{A24B2ACB-5051-443F-87A6-32903AFA4FDD}"
EndProject
Project("{FAE04EC0-301F-11D3-BF4B-00C04F79EFBC}") = "HBSubsetProbe", "samples\HBSubsetProbe\HBSubsetProbe.csproj", "{B4792685-53D0-421E-AE2D-5A65DCB76E11}"
EndProject
Project("{FAE04EC0-301F-11D3-BF4B-00C04F79EFBC}") = "SimpleRenderCheck", "samples\SimpleRenderCheck\SimpleRenderCheck.csproj", "{3C419C79-7E7F-407A-BD6D-209E62C9D8E4}"
EndProject
Project("{FAE04EC0-301F-11D3-BF4B-00C04F79EFBC}") = "TablePerfSample", "samples\TablePerfSample\TablePerfSample.csproj", "{BFA3CE21-22B0-4D8B-AD15-35E1B3B6BF75}"
EndProject
Project("{FAE04EC0-301F-11D3-BF4B-00C04F79EFBC}") = "PdfBuilder.Benchmarks", "benchmarks\PdfBuilder.Benchmarks\PdfBuilder.Benchmarks.csproj", "{3CEDEFBA-69FE-435E-844A-958D39630F25}"
EndProject
Project("{2150E333-8FDC-42A3-9474-1A3956D46DE8}") = "Tools", "Tools", "{07C2787E-EAC7-C090-1BA3-A61EC2A24D84}"
EndProject
Project("{FAE04EC0-301F-11D3-BF4B-00C04F79EFBC}") = "PdfBuilder.PreviewHost", "tools\PdfBuilder.PreviewHost\PdfBuilder.PreviewHost.csproj", "{65FA2D99-AFFA-4697-B115-37728F043A87}"
EndProject
Global
	GlobalSection(SolutionConfigurationPlatforms) = preSolution
		Debug|Any CPU = Debug|Any CPU
		Release|Any CPU = Release|Any CPU
	EndGlobalSection
	GlobalSection(ProjectConfigurationPlatforms) = postSolution
		{DB3D152D-6F7B-4B72-A7E6-A1456B0BAC62}.Debug|Any CPU.ActiveCfg = Debug|Any CPU
		{DB3D152D-6F7B-4B72-A7E6-A1456B0BAC62}.Debug|Any CPU.Build.0 = Debug|Any CPU
		{DB3D152D-6F7B-4B72-A7E6-A1456B0BAC62}.Release|Any CPU.ActiveCfg = Release|Any CPU
		{DB3D152D-6F7B-4B72-A7E6-A1456B0BAC62}.Release|Any CPU.Build.0 = Release|Any CPU
		{2C8ACF37-9BBE-4337-9B04-CC7A9C0E8BA9}.Debug|Any CPU.ActiveCfg = Debug|Any CPU
		{2C8ACF37-9BBE-4337-9B04-CC7A9C0E8BA9}.Debug|Any CPU.Build.0 = Debug|Any CPU
		{2C8ACF37-9BBE-4337-9B04-CC7A9C0E8BA9}.Release|Any CPU.ActiveCfg = Release|Any CPU
		{2C8ACF37-9BBE-4337-9B04-CC7A9C0E8BA9}.Release|Any CPU.Build.0 = Release|Any CPU
		{C86EBD91-B72E-4DEB-90B3-690173F5FBD8}.Debug|Any CPU.ActiveCfg = Debug|Any CPU
		{C86EBD91-B72E-4DEB-90B3-690173F5FBD8}.Debug|Any CPU.Build.0 = Debug|Any CPU
		{C86EBD91-B72E-4DEB-90B3-690173F5FBD8}.Release|Any CPU.ActiveCfg = Release|Any CPU
		{C86EBD91-B72E-4DEB-90B3-690173F5FBD8}.Release|Any CPU.Build.0 = Release|Any CPU
		{D829E0B8-911D-4E4A-B13F-3FB774CD1823}.Debug|Any CPU.ActiveCfg = Debug|Any CPU
		{D829E0B8-911D-4E4A-B13F-3FB774CD1823}.Debug|Any CPU.Build.0 = Debug|Any CPU
		{D829E0B8-911D-4E4A-B13F-3FB774CD1823}.Release|Any CPU.ActiveCfg = Release|Any CPU
		{D829E0B8-911D-4E4A-B13F-3FB774CD1823}.Release|Any CPU.Build.0 = Release|Any CPU
		{65F7B18F-8424-4E7C-999E-09E2EB613C34}.Debug|Any CPU.ActiveCfg = Debug|Any CPU
		{65F7B18F-8424-4E7C-999E-09E2EB613C34}.Debug|Any CPU.Build.0 = Debug|Any CPU
		{65F7B18F-8424-4E7C-999E-09E2EB613C34}.Release|Any CPU.ActiveCfg = Release|Any CPU
		{65F7B18F-8424-4E7C-999E-09E2EB613C34}.Release|Any CPU.Build.0 = Release|Any CPU
		{0B9C2F7C-AE14-4E7B-B691-366B81EFAF8D}.Debug|Any CPU.ActiveCfg = Debug|Any CPU
		{0B9C2F7C-AE14-4E7B-B691-366B81EFAF8D}.Debug|Any CPU.Build.0 = Debug|Any CPU
		{0B9C2F7C-AE14-4E7B-B691-366B81EFAF8D}.Release|Any CPU.ActiveCfg = Release|Any CPU
		{0B9C2F7C-AE14-4E7B-B691-366B81EFAF8D}.Release|Any CPU.Build.0 = Release|Any CPU
		{993A54A6-A946-4FCE-9C83-A3EC29F4BFBD}.Debug|Any CPU.ActiveCfg = Debug|Any CPU
		{993A54A6-A946-4FCE-9C83-A3EC29F4BFBD}.Debug|Any CPU.Build.0 = Debug|Any CPU
		{993A54A6-A946-4FCE-9C83-A3EC29F4BFBD}.Release|Any CPU.ActiveCfg = Release|Any CPU
		{993A54A6-A946-4FCE-9C83-A3EC29F4BFBD}.Release|Any CPU.Build.0 = Release|Any CPU
		{A95449D7-95F7-46CF-89F9-AB0D65F23C00}.Debug|Any CPU.ActiveCfg = Debug|Any CPU
		{A95449D7-95F7-46CF-89F9-AB0D65F23C00}.Debug|Any CPU.Build.0 = Debug|Any CPU
		{A95449D7-95F7-46CF-89F9-AB0D65F23C00}.Release|Any CPU.ActiveCfg = Release|Any CPU
		{A95449D7-95F7-46CF-89F9-AB0D65F23C00}.Release|Any CPU.Build.0 = Release|Any CPU
		{A24B2ACB-5051-443F-87A6-32903AFA4FDD}.Debug|Any CPU.ActiveCfg = Debug|Any CPU
		{A24B2ACB-5051-443F-87A6-32903AFA4FDD}.Debug|Any CPU.Build.0 = Debug|Any CPU
		{A24B2ACB-5051-443F-87A6-32903AFA4FDD}.Release|Any CPU.ActiveCfg = Release|Any CPU
		{A24B2ACB-5051-443F-87A6-32903AFA4FDD}.Release|Any CPU.Build.0 = Release|Any CPU
		{B4792685-53D0-421E-AE2D-5A65DCB76E11}.Debug|Any CPU.ActiveCfg = Debug|Any CPU
		{B4792685-53D0-421E-AE2D-5A65DCB76E11}.Debug|Any CPU.Build.0 = Debug|Any CPU
		{B4792685-53D0-421E-AE2D-5A65DCB76E11}.Release|Any CPU.ActiveCfg = Release|Any CPU
		{B4792685-53D0-421E-AE2D-5A65DCB76E11}.Release|Any CPU.Build.0 = Release|Any CPU
		{3C419C79-7E7F-407A-BD6D-209E62C9D8E4}.Debug|Any CPU.ActiveCfg = Debug|Any CPU
		{3C419C79-7E7F-407A-BD6D-209E62C9D8E4}.Debug|Any CPU.Build.0 = Debug|Any CPU
		{3C419C79-7E7F-407A-BD6D-209E62C9D8E4}.Release|Any CPU.ActiveCfg = Release|Any CPU
		{3C419C79-7E7F-407A-BD6D-209E62C9D8E4}.Release|Any CPU.Build.0 = Release|Any CPU
		{BFA3CE21-22B0-4D8B-AD15-35E1B3B6BF75}.Debug|Any CPU.ActiveCfg = Debug|Any CPU
		{BFA3CE21-22B0-4D8B-AD15-35E1B3B6BF75}.Debug|Any CPU.Build.0 = Debug|Any CPU
		{BFA3CE21-22B0-4D8B-AD15-35E1B3B6BF75}.Release|Any CPU.ActiveCfg = Release|Any CPU
		{BFA3CE21-22B0-4D8B-AD15-35E1B3B6BF75}.Release|Any CPU.Build.0 = Release|Any CPU
		{3CEDEFBA-69FE-435E-844A-958D39630F25}.Debug|Any CPU.ActiveCfg = Debug|Any CPU
		{3CEDEFBA-69FE-435E-844A-958D39630F25}.Debug|Any CPU.Build.0 = Debug|Any CPU
		{3CEDEFBA-69FE-435E-844A-958D39630F25}.Release|Any CPU.ActiveCfg = Release|Any CPU
		{3CEDEFBA-69FE-435E-844A-958D39630F25}.Release|Any CPU.Build.0 = Release|Any CPU
		{65FA2D99-AFFA-4697-B115-37728F043A87}.Debug|Any CPU.ActiveCfg = Debug|Any CPU
		{65FA2D99-AFFA-4697-B115-37728F043A87}.Debug|Any CPU.Build.0 = Debug|Any CPU
		{65FA2D99-AFFA-4697-B115-37728F043A87}.Release|Any CPU.ActiveCfg = Release|Any CPU
		{65FA2D99-AFFA-4697-B115-37728F043A87}.Release|Any CPU.Build.0 = Release|Any CPU
	EndGlobalSection
	GlobalSection(NestedProjects) = preSolution
		{DB3D152D-6F7B-4B72-A7E6-A1456B0BAC62} = {50E615E6-1CFA-4784-89D1-EFDF9D06D3F8}
		{2C8ACF37-9BBE-4337-9B04-CC7A9C0E8BA9} = {7D7084C5-65B5-4DD4-9B82-5B2E359424EA}
		{C86EBD91-B72E-4DEB-90B3-690173F5FBD8} = {7D7084C5-65B5-4DD4-9B82-5B2E359424EA}
		{D829E0B8-911D-4E4A-B13F-3FB774CD1823} = {931C8F4B-3131-4EAE-8F9B-D129F266031D}
		{65F7B18F-8424-4E7C-999E-09E2EB613C34} = {931C8F4B-3131-4EAE-8F9B-D129F266031D}
		{0B9C2F7C-AE14-4E7B-B691-366B81EFAF8D} = {931C8F4B-3131-4EAE-8F9B-D129F266031D}
		{993A54A6-A946-4FCE-9C83-A3EC29F4BFBD} = {931C8F4B-3131-4EAE-8F9B-D129F266031D}
		{A95449D7-95F7-46CF-89F9-AB0D65F23C00} = {931C8F4B-3131-4EAE-8F9B-D129F266031D}
		{A24B2ACB-5051-443F-87A6-32903AFA4FDD} = {931C8F4B-3131-4EAE-8F9B-D129F266031D}
		{B4792685-53D0-421E-AE2D-5A65DCB76E11} = {931C8F4B-3131-4EAE-8F9B-D129F266031D}
		{3C419C79-7E7F-407A-BD6D-209E62C9D8E4} = {931C8F4B-3131-4EAE-8F9B-D129F266031D}
		{BFA3CE21-22B0-4D8B-AD15-35E1B3B6BF75} = {931C8F4B-3131-4EAE-8F9B-D129F266031D}
		{3CEDEFBA-69FE-435E-844A-958D39630F25} = {B784C2B4-77B3-4D96-9642-BEA913E3D962}
		{65FA2D99-AFFA-4697-B115-37728F043A87} = {07C2787E-EAC7-C090-1BA3-A61EC2A24D84}
	EndGlobalSection
	GlobalSection(SolutionProperties) = preSolution
		HideSolutionNode = FALSE
	EndGlobalSection
	GlobalSection(ExtensibilityGlobals) = postSolution
		SolutionGuid = {E8640AAD-4BD3-4A4B-AA5E-744D5486BE4B}
	EndGlobalSection
EndGlobal
